
Microsoft Visual Studio Solution File, Format Version 12.00
# Visual Studio Version 17
VisualStudioVersion = 17.1.32210.238
MinimumVisualStudioVersion = 10.0.40219.1
Project("{9A19103F-16F7-4668-BE54-9A1E7A4F7556}") = "CloudWeather.Temperature", "CloudWeather.Temperature\CloudWeather.Temperature.csproj", "{30C3FBCE-A767-4E7B-ABA7-216F0E6E33FD}"
EndProject
Project("{9A19103F-16F7-4668-BE54-9A1E7A4F7556}") = "CloudWeather.Report", "CloudWeather.Report\CloudWeather.Report.csproj", "{A783FC25-1A9F-4FCA-9E18-AF4EE2C6106E}"
EndProject
Project("{9A19103F-16F7-4668-BE54-9A1E7A4F7556}") = "CloudWeather.Precipitation", "CloudWeather.Precipitation\CloudWeather.Precipitation.csproj", "{ECBE05D1-EFCD-4575-8603-7662DF0621D2}"
EndProject
Project("{9A19103F-16F7-4668-BE54-9A1E7A4F7556}") = "CloudWeather.DataLoader", "CloudWeather.DataLoader\CloudWeather.DataLoader.csproj", "{4F9E4D05-274D-4CEC-A6B0-562A1ED26EF5}"
EndProject
Global
	GlobalSection(SolutionConfigurationPlatforms) = preSolution
		Debug|Any CPU = Debug|Any CPU
		Release|Any CPU = Release|Any CPU
	EndGlobalSection
	GlobalSection(ProjectConfigurationPlatforms) = postSolution
		{30C3FBCE-A767-4E7B-ABA7-216F0E6E33FD}.Debug|Any CPU.ActiveCfg = Debug|Any CPU
		{30C3FBCE-A767-4E7B-ABA7-216F0E6E33FD}.Debug|Any CPU.Build.0 = Debug|Any CPU
		{30C3FBCE-A767-4E7B-ABA7-216F0E6E33FD}.Release|Any CPU.ActiveCfg = Release|Any CPU
		{30C3FBCE-A767-4E7B-ABA7-216F0E6E33FD}.Release|Any CPU.Build.0 = Release|Any CPU
		{A783FC25-1A9F-4FCA-9E18-AF4EE2C6106E}.Debug|Any CPU.ActiveCfg = Debug|Any CPU
		{A783FC25-1A9F-4FCA-9E18-AF4EE2C6106E}.Debug|Any CPU.Build.0 = Debug|Any CPU
		{A783FC25-1A9F-4FCA-9E18-AF4EE2C6106E}.Release|Any CPU.ActiveCfg = Release|Any CPU
		{A783FC25-1A9F-4FCA-9E18-AF4EE2C6106E}.Release|Any CPU.Build.0 = Release|Any CPU
		{ECBE05D1-EFCD-4575-8603-7662DF0621D2}.Debug|Any CPU.ActiveCfg = Debug|Any CPU
		{ECBE05D1-EFCD-4575-8603-7662DF0621D2}.Debug|Any CPU.Build.0 = Debug|Any CPU
		{ECBE05D1-EFCD-4575-8603-7662DF0621D2}.Release|Any CPU.ActiveCfg = Release|Any CPU
		{ECBE05D1-EFCD-4575-8603-7662DF0621D2}.Release|Any CPU.Build.0 = Release|Any CPU
		{4F9E4D05-274D-4CEC-A6B0-562A1ED26EF5}.Debug|Any CPU.ActiveCfg = Debug|Any CPU
		{4F9E4D05-274D-4CEC-A6B0-562A1ED26EF5}.Debug|Any CPU.Build.0 = Debug|Any CPU
		{4F9E4D05-274D-4CEC-A6B0-562A1ED26EF5}.Release|Any CPU.ActiveCfg = Release|Any CPU
		{4F9E4D05-274D-4CEC-A6B0-562A1ED26EF5}.Release|Any CPU.Build.0 = Release|Any CPU
	EndGlobalSection
	GlobalSection(SolutionProperties) = preSolution
		HideSolutionNode = FALSE
	EndGlobalSection
	GlobalSection(ExtensibilityGlobals) = postSolution
		SolutionGuid = {4EA936A4-4519-4BDE-B50E-3C062F4D3F87}
	EndGlobalSection
EndGlobal
